
Microsoft Visual Studio Solution File, Format Version 12.00
# Visual Studio Version 17
VisualStudioVersion = 17.0.31912.275
MinimumVisualStudioVersion = 10.0.40219.1
Project("{FAE04EC0-301F-11D3-BF4B-00C04F79EFBC}") = "6_Task_WPF", "6_Task_WPF\6_Task_WPF.csproj", "{FF0240FB-ED59-4899-B5CD-84F734A7AE81}"
EndProject
Project("{FAE04EC0-301F-11D3-BF4B-00C04F79EFBC}") = "WeatherControl", "WeatherControl\WeatherControl.csproj", "{CCCAB43B-7099-4130-B064-11B40F45FAB7}"
EndProject
Global
	GlobalSection(SolutionConfigurationPlatforms) = preSolution
		Debug|Any CPU = Debug|Any CPU
		Release|Any CPU = Release|Any CPU
	EndGlobalSection
	GlobalSection(ProjectConfigurationPlatforms) = postSolution
		{FF0240FB-ED59-4899-B5CD-84F734A7AE81}.Debug|Any CPU.ActiveCfg = Debug|Any CPU
		{FF0240FB-ED59-4899-B5CD-84F734A7AE81}.Debug|Any CPU.Build.0 = Debug|Any CPU
		{FF0240FB-ED59-4899-B5CD-84F734A7AE81}.Release|Any CPU.ActiveCfg = Release|Any CPU
		{FF0240FB-ED59-4899-B5CD-84F734A7AE81}.Release|Any CPU.Build.0 = Release|Any CPU
		{CCCAB43B-7099-4130-B064-11B40F45FAB7}.Debug|Any CPU.ActiveCfg = Debug|Any CPU
		{CCCAB43B-7099-4130-B064-11B40F45FAB7}.Debug|Any CPU.Build.0 = Debug|Any CPU
		{CCCAB43B-7099-4130-B064-11B40F45FAB7}.Release|Any CPU.ActiveCfg = Release|Any CPU
		{CCCAB43B-7099-4130-B064-11B40F45FAB7}.Release|Any CPU.Build.0 = Release|Any CPU
	EndGlobalSection
	GlobalSection(SolutionProperties) = preSolution
		HideSolutionNode = FALSE
	EndGlobalSection
	GlobalSection(ExtensibilityGlobals) = postSolution
		SolutionGuid = {E5D190CA-27C5-4F4A-972F-58EC4536AA40}
	EndGlobalSection
EndGlobal
